
Microsoft Visual Studio Solution File, Format Version 12.00
# Visual Studio Version 16
VisualStudioVersion = 16.0.32602.291
MinimumVisualStudioVersion = 10.0.40219.1
Project("{FAE04EC0-301F-11D3-BF4B-00C04F79EFBC}") = "console_test", "console_test\console_test.csproj", "{7FD19B47-185C-4BD7-9E74-D901B39E8FDA}"
EndProject
Global
	GlobalSection(SolutionConfigurationPlatforms) = preSolution
		Debug|Any CPU = Debug|Any CPU
		Release|Any CPU = Release|Any CPU
	EndGlobalSection
	GlobalSection(ProjectConfigurationPlatforms) = postSolution
		{7FD19B47-185C-4BD7-9E74-D901B39E8FDA}.Debug|Any CPU.ActiveCfg = Debug|Any CPU
		{7FD19B47-185C-4BD7-9E74-D901B39E8FDA}.Debug|Any CPU.Build.0 = Debug|Any CPU
		{7FD19B47-185C-4BD7-9E74-D901B39E8FDA}.Release|Any CPU.ActiveCfg = Release|Any CPU
		{7FD19B47-185C-4BD7-9E74-D901B39E8FDA}.Release|Any CPU.Build.0 = Release|Any CPU
	EndGlobalSection
	GlobalSection(SolutionProperties) = preSolution
		HideSolutionNode = FALSE
	EndGlobalSection
	GlobalSection(ExtensibilityGlobals) = postSolution
		SolutionGuid = {48AABCAC-CA57-40E7-A082-37C42C201634}
	EndGlobalSection
EndGlobal
